# THIS IS AN AUTOGENERATED FILE. DO NOT EDIT THIS FILE DIRECTLY.
# yarn lockfile v1


"@types/aws-lambda@^8.10.92":
  "integrity" "sha1-NdhXg6g04EYE1J6F3H7m4oIOiTk="
  "resolved" "https://artifactory.g.devqa.gcp.dev.paypalinc.com/artifactory/api/npm/npm-all/@types/aws-lambda/-/aws-lambda-8.10.101.tgz"
  "version" "8.10.101"

"call-bind@^1.0.0":
  "integrity" "sha1-sdTonmiBGcPJqQOtMKuy9qkZvjw="
  "resolved" "https://artifactory.g.devqa.gcp.dev.paypalinc.com/artifactory/api/npm/npm-all/call-bind/-/call-bind-1.0.2.tgz"
  "version" "1.0.2"
  dependencies:
    "function-bind" "^1.1.1"
    "get-intrinsic" "^1.0.2"

"function-bind@^1.1.1":
  "integrity" "sha1-pWiZ0+o8m6uHS7l3O3xe3pL0iV0="
  "resolved" "https://artifactory.g.devqa.gcp.dev.paypalinc.com/artifactory/api/npm/npm-all/function-bind/-/function-bind-1.1.1.tgz"
  "version" "1.1.1"

"get-intrinsic@^1.0.2":
  "integrity" "sha1-M2l1Ej4FrQt7pB8VLuSq2+ps9Zg="
  "resolved" "https://artifactory.g.devqa.gcp.dev.paypalinc.com/artifactory/api/npm/npm-all/get-intrinsic/-/get-intrinsic-1.1.2.tgz"
  "version" "1.1.2"
  dependencies:
    "function-bind" "^1.1.1"
    "has" "^1.0.3"
    "has-symbols" "^1.0.3"

"has-symbols@^1.0.3":
  "integrity" "sha1-u3ssQ0klHc6HsSX3vfh0qnyLOfg="
  "resolved" "https://artifactory.g.devqa.gcp.dev.paypalinc.com/artifactory/api/npm/npm-all/has-symbols/-/has-symbols-1.0.3.tgz"
  "version" "1.0.3"

"has@^1.0.3":
  "integrity" "sha1-ci18v8H2qoJB8W3YFOAR4fQeh5Y="
  "resolved" "https://artifactory.g.devqa.gcp.dev.paypalinc.com/artifactory/api/npm/npm-all/has/-/has-1.0.3.tgz"
  "version" "1.0.3"
  dependencies:
    "function-bind" "^1.1.1"

"object-inspect@^1.9.0":
  "integrity" "sha1-wGQfJjlFMvKKuNeWq5VOQ8AJqOo="
  "resolved" "https://artifactory.g.devqa.gcp.dev.paypalinc.com/artifactory/api/npm/npm-all/object-inspect/-/object-inspect-1.12.2.tgz"
  "version" "1.12.2"

"qs@^6.11.0":
  "integrity" "sha1-/Q2WNEb3pl4TZ+AavYVClFPww3o="
  "resolved" "https://artifactory.g.devqa.gcp.dev.paypalinc.com/artifactory/api/npm/npm-all/qs/-/qs-6.11.0.tgz"
  "version" "6.11.0"
  dependencies:
    "side-channel" "^1.0.4"

"side-channel@^1.0.4":
  "integrity" "sha1-785cj9wQTudRslxY1CkAEfpeos8="
  "resolved" "https://artifactory.g.devqa.gcp.dev.paypalinc.com/artifactory/api/npm/npm-all/side-channel/-/side-channel-1.0.4.tgz"
  "version" "1.0.4"
  dependencies:
    "call-bind" "^1.0.0"
    "get-intrinsic" "^1.0.2"
    "object-inspect" "^1.9.0"
